
Microsoft Visual Studio Solution File, Format Version 12.00
# Visual Studio Version 16
VisualStudioVersion = 16.0.30907.101
MinimumVisualStudioVersion = 10.0.40219.1
Project("{FAE04EC0-301F-11D3-BF4B-00C04F79EFBC}") = "Task_1", "Task_1.csproj", "{A5C51C49-432E-4000-BB82-2B142F28F376}"
EndProject
Global
	GlobalSection(SolutionConfigurationPlatforms) = preSolution
		Debug|Any CPU = Debug|Any CPU
		Release|Any CPU = Release|Any CPU
	EndGlobalSection
	GlobalSection(ProjectConfigurationPlatforms) = postSolution
		{A5C51C49-432E-4000-BB82-2B142F28F376}.Debug|Any CPU.ActiveCfg = Debug|Any CPU
		{A5C51C49-432E-4000-BB82-2B142F28F376}.Debug|Any CPU.Build.0 = Debug|Any CPU
		{A5C51C49-432E-4000-BB82-2B142F28F376}.Release|Any CPU.ActiveCfg = Release|Any CPU
		{A5C51C49-432E-4000-BB82-2B142F28F376}.Release|Any CPU.Build.0 = Release|Any CPU
	EndGlobalSection
	GlobalSection(SolutionProperties) = preSolution
		HideSolutionNode = FALSE
	EndGlobalSection
	GlobalSection(ExtensibilityGlobals) = postSolution
		SolutionGuid = {1E27A7A1-3D71-4D9E-8058-3F1F03371632}
	EndGlobalSection
EndGlobal
